
Microsoft Visual Studio Solution File, Format Version 12.00
# Visual Studio Version 16
VisualStudioVersion = 16.0.28729.10
MinimumVisualStudioVersion = 10.0.40219.1
Project("{2150E333-8FDC-42A3-9474-1A3956D46DE8}") = "Default", "Default", "{084DE247-A612-4F76-85E3-918B917845C7}"
	ProjectSection(SolutionItems) = preProject
		class.active.js = class.active.js
		class.base.js = class.base.js
		class.creep.js = class.creep.js
		class.gameobject.js = class.gameobject.js
		class.profiled.js = class.profiled.js
		constants.js = constants.js
		main.js = main.js
		manager.creep.js = manager.creep.js
		role.builder.js = role.builder.js
		role.harvester.js = role.harvester.js
		role.upgrader.js = role.upgrader.js
	EndProjectSection
EndProject
Project("{E24C65DC-7377-472B-9ABA-BC803B73C61A}") = "Screeps-Typescript-Declarations", "..\..\..\..\..\..\source\repos\Screeps-Typescript-Declarations\", "{C49557CD-AA2B-42FE-BFC6-7AD619BB2291}"
	ProjectSection(WebsiteProperties) = preProject
		TargetFrameworkMoniker = ".NETFramework,Version%3Dv4.0"
		Debug.AspNetCompiler.VirtualPath = "/localhost_60150"
		Debug.AspNetCompiler.PhysicalPath = "..\..\..\..\..\..\source\repos\Screeps-Typescript-Declarations\"
		Debug.AspNetCompiler.TargetPath = "PrecompiledWeb\localhost_60150\"
		Debug.AspNetCompiler.Updateable = "true"
		Debug.AspNetCompiler.ForceOverwrite = "true"
		Debug.AspNetCompiler.FixedNames = "false"
		Debug.AspNetCompiler.Debug = "True"
		Release.AspNetCompiler.VirtualPath = "/localhost_60150"
		Release.AspNetCompiler.PhysicalPath = "..\..\..\..\..\..\source\repos\Screeps-Typescript-Declarations\"
		Release.AspNetCompiler.TargetPath = "PrecompiledWeb\localhost_60150\"
		Release.AspNetCompiler.Updateable = "true"
		Release.AspNetCompiler.ForceOverwrite = "true"
		Release.AspNetCompiler.FixedNames = "false"
		Release.AspNetCompiler.Debug = "False"
		VWDPort = "60150"
		SlnRelativePath = "..\..\..\..\..\..\source\repos\Screeps-Typescript-Declarations\"
	EndProjectSection
EndProject
Global
	GlobalSection(SolutionConfigurationPlatforms) = preSolution
		Debug|Any CPU = Debug|Any CPU
	EndGlobalSection
	GlobalSection(ProjectConfigurationPlatforms) = postSolution
		{C49557CD-AA2B-42FE-BFC6-7AD619BB2291}.Debug|Any CPU.ActiveCfg = Debug|Any CPU
		{C49557CD-AA2B-42FE-BFC6-7AD619BB2291}.Debug|Any CPU.Build.0 = Debug|Any CPU
	EndGlobalSection
	GlobalSection(SolutionProperties) = preSolution
		HideSolutionNode = FALSE
	EndGlobalSection
	GlobalSection(ExtensibilityGlobals) = postSolution
		SolutionGuid = {EFA54E73-CE36-49E0-8139-BBAE7DCA2B71}
	EndGlobalSection
EndGlobal
